{
  "object": {
    "pins": [
      {
        "package": "Nuke",
        "repositoryURL": "https://github.com/kean/Nuke.git",
        "state": {
          "branch": null,
          "revision": "2efd206503e99dd3a88a4dc433a76f98ce8cc198",
          "version": "12.7.1"
        }
      }
    ]
  },
  "version": 1
}
